
Microsoft Visual Studio Solution File, Format Version 12.00
Project("{FAE04EC0-301F-11D3-BF4B-00C04F79EFBC}") = "RollerSurvivor", "RollerSurvivor\RollerSurvivor.csproj", "{015C059A-5801-4809-AA23-481319A18792}"
EndProject
Global
	GlobalSection(SolutionConfigurationPlatforms) = preSolution
		Debug|Any CPU = Debug|Any CPU
		Release|Any CPU = Release|Any CPU
	EndGlobalSection
	GlobalSection(ProjectConfigurationPlatforms) = postSolution
		{015C059A-5801-4809-AA23-481319A18792}.Debug|Any CPU.ActiveCfg = Debug|Any CPU
		{015C059A-5801-4809-AA23-481319A18792}.Debug|Any CPU.Build.0 = Debug|Any CPU
		{015C059A-5801-4809-AA23-481319A18792}.Release|Any CPU.ActiveCfg = Release|Any CPU
		{015C059A-5801-4809-AA23-481319A18792}.Release|Any CPU.Build.0 = Release|Any CPU
	EndGlobalSection
EndGlobal
